[root]
name = "ulc12"
version = "0.0.1"
dependencies = [
 "syscall 0.1.0 (registry+https://github.com/rust-lang/crates.io-index)",
 "ulc22 0.0.1",
]

[[package]]
name = "syscall"
version = "0.1.0"
source = "registry+https://github.com/rust-lang/crates.io-index"

[[package]]
name = "ulc22"
version = "0.0.1"

